
Microsoft Visual Studio Solution File, Format Version 12.00
# Visual Studio Version 17
VisualStudioVersion = 17.7.34202.233
MinimumVisualStudioVersion = 10.0.40219.1
Project("{FAE04EC0-301F-11D3-BF4B-00C04F79EFBC}") = "AfterTaste", "AfterTaste\AfterTaste.csproj", "{400279D6-AE83-4A97-8553-988B6DC5FFC0}"
EndProject
Global
	GlobalSection(SolutionConfigurationPlatforms) = preSolution
		Debug|Any CPU = Debug|Any CPU
		Release|Any CPU = Release|Any CPU
	EndGlobalSection
	GlobalSection(ProjectConfigurationPlatforms) = postSolution
		{400279D6-AE83-4A97-8553-988B6DC5FFC0}.Debug|Any CPU.ActiveCfg = Debug|Any CPU
		{400279D6-AE83-4A97-8553-988B6DC5FFC0}.Debug|Any CPU.Build.0 = Debug|Any CPU
		{400279D6-AE83-4A97-8553-988B6DC5FFC0}.Release|Any CPU.ActiveCfg = Release|Any CPU
		{400279D6-AE83-4A97-8553-988B6DC5FFC0}.Release|Any CPU.Build.0 = Release|Any CPU
	EndGlobalSection
	GlobalSection(SolutionProperties) = preSolution
		HideSolutionNode = FALSE
	EndGlobalSection
	GlobalSection(ExtensibilityGlobals) = postSolution
		SolutionGuid = {007D3D2B-0C1A-47CA-82C1-773DDBF25DC6}
	EndGlobalSection
EndGlobal
